
Microsoft Visual Studio Solution File, Format Version 12.00
# Visual Studio Version 16
VisualStudioVersion = 16.0.30128.74
MinimumVisualStudioVersion = 10.0.40219.1
Project("{FAE04EC0-301F-11D3-BF4B-00C04F79EFBC}") = "matcha waffles", "matcha waffles\matcha waffles.csproj", "{9C9F48B2-0F99-4E7E-B0DE-6749D78609A9}"
EndProject
Global
	GlobalSection(SolutionConfigurationPlatforms) = preSolution
		Debug|Any CPU = Debug|Any CPU
		Release|Any CPU = Release|Any CPU
	EndGlobalSection
	GlobalSection(ProjectConfigurationPlatforms) = postSolution
		{9C9F48B2-0F99-4E7E-B0DE-6749D78609A9}.Debug|Any CPU.ActiveCfg = Debug|Any CPU
		{9C9F48B2-0F99-4E7E-B0DE-6749D78609A9}.Debug|Any CPU.Build.0 = Debug|Any CPU
		{9C9F48B2-0F99-4E7E-B0DE-6749D78609A9}.Release|Any CPU.ActiveCfg = Release|Any CPU
		{9C9F48B2-0F99-4E7E-B0DE-6749D78609A9}.Release|Any CPU.Build.0 = Release|Any CPU
	EndGlobalSection
	GlobalSection(SolutionProperties) = preSolution
		HideSolutionNode = FALSE
	EndGlobalSection
	GlobalSection(ExtensibilityGlobals) = postSolution
		SolutionGuid = {5E841F78-E7B2-4296-AABA-36996CB75141}
	EndGlobalSection
EndGlobal
